// !$*UTF8*$!
{
	archiveVersion = 1;
	classes = {
	};
	objectVersion = 56;
	objects = {

/* Begin PBXBuildFile section */
		348AAF4529D347C7006EE107 /* AppDelegate.swift in Sources */ = {isa = PBXBuildFile; fileRef = 348AAF4429D347C7006EE107 /* AppDelegate.swift */; };
		348AAF4729D347C7006EE107 /* SceneDelegate.swift in Sources */ = {isa = PBXBuildFile; fileRef = 348AAF4629D347C7006EE107 /* SceneDelegate.swift */; };
		348AAF4929D347C7006EE107 /* ViewController.swift in Sources */ = {isa = PBXBuildFile; fileRef = 348AAF4829D347C7006EE107 /* ViewController.swift */; };
		348AAF4C29D347C7006EE107 /* Main.storyboard in Resources */ = {isa = PBXBuildFile; fileRef = 348AAF4A29D347C7006EE107 /* Main.storyboard */; };
		348AAF4E29D347C9006EE107 /* Assets.xcassets in Resources */ = {isa = PBXBuildFile; fileRef = 348AAF4D29D347C9006EE107 /* Assets.xcassets */; };
		348AAF5129D347C9006EE107 /* LaunchScreen.storyboard in Resources */ = {isa = PBXBuildFile; fileRef = 348AAF4F29D347C9006EE107 /* LaunchScreen.storyboard */; };
		348AAF5D29D3482C006EE107 /* Model.swift in Sources */ = {isa = PBXBuildFile; fileRef = 348AAF5C29D3482C006EE107 /* Model.swift */; };
/* End PBXBuildFile section */

/* Begin PBXFileReference section */
		348AAF4129D347C7006EE107 /* MVC-MVVM.app */ = {isa = PBXFileReference; explicitFileType = wrapper.application; includeInIndex = 0; path = "MVC-MVVM.app"; sourceTree = BUILT_PRODUCTS_DIR; };
		348AAF4429D347C7006EE107 /* AppDelegate.swift */ = {isa = PBXFileReference; lastKnownFileType = sourcecode.swift; path = AppDelegate.swift; sourceTree = "<group>"; };
		348AAF4629D347C7006EE107 /* SceneDelegate.swift */ = {isa = PBXFileReference; lastKnownFileType = sourcecode.swift; path = SceneDelegate.swift; sourceTree = "<group>"; };
		348AAF4829D347C7006EE107 /* ViewController.swift */ = {isa = PBXFileReference; lastKnownFileType = sourcecode.swift; path = ViewController.swift; sourceTree = "<group>"; };
		348AAF4B29D347C7006EE107 /* Base */ = {isa = PBXFileReference; lastKnownFileType = file.storyboard; name = Base; path = Base.lproj/Main.storyboard; sourceTree = "<group>"; };
		348AAF4D29D347C9006EE107 /* Assets.xcassets */ = {isa = PBXFileReference; lastKnownFileType = folder.assetcatalog; path = Assets.xcassets; sourceTree = "<group>"; };
		348AAF5029D347C9006EE107 /* Base */ = {isa = PBXFileReference; lastKnownFileType = file.storyboard; name = Base; path = Base.lproj/LaunchScreen.storyboard; sourceTree = "<group>"; };
		348AAF5229D347C9006EE107 /* Info.plist */ = {isa = PBXFileReference; lastKnownFileType = text.plist.xml; path = Info.plist; sourceTree = "<group>"; };
		348AAF5C29D3482C006EE107 /* Model.swift */ = {isa = PBXFileReference; lastKnownFileType = sourcecode.swift; path = Model.swift; sourceTree = "<group>"; };
/* End PBXFileReference section */

/* Begin PBXFrameworksBuildPhase section */
		348AAF3E29D347C7006EE107 /* Frameworks */ = {
			isa = PBXFrameworksBuildPhase;
			buildActionMask = 2147483647;
			files = (
			);
			runOnlyForDeploymentPostprocessing = 0;
		};
/* End PBXFrameworksBuildPhase section */

/* Begin PBXGroup section */
		348AAF3829D347C7006EE107 = {
			isa = PBXGroup;
			children = (
				348AAF4329D347C7006EE107 /* MVC-MVVM */,
				348AAF4229D347C7006EE107 /* Products */,
			);
			sourceTree = "<group>";
		};
		348AAF4229D347C7006EE107 /* Products */ = {
			isa = PBXGroup;
			children = (
				348AAF4129D347C7006EE107 /* MVC-MVVM.app */,
			);
			name = Products;
			sourceTree = "<group>";
		};
		348AAF4329D347C7006EE107 /* MVC-MVVM */ = {
			isa = PBXGroup;
			children = (
				348AAF5829D347E7006EE107 /* MVVM */,
				348AAF4429D347C7006EE107 /* AppDelegate.swift */,
				348AAF4629D347C7006EE107 /* SceneDelegate.swift */,
				348AAF4829D347C7006EE107 /* ViewController.swift */,
				348AAF4A29D347C7006EE107 /* Main.storyboard */,
				348AAF4D29D347C9006EE107 /* Assets.xcassets */,
				348AAF4F29D347C9006EE107 /* LaunchScreen.storyboard */,
				348AAF5229D347C9006EE107 /* Info.plist */,
			);
			path = "MVC-MVVM";
			sourceTree = "<group>";
		};
		348AAF5829D347E7006EE107 /* MVVM */ = {
			isa = PBXGroup;
			children = (
				348AAF5929D347F9006EE107 /* Model */,
				348AAF5B29D3480F006EE107 /* ViewModel */,
				348AAF5A29D34808006EE107 /* View */,
			);
			path = MVVM;
			sourceTree = "<group>";
		};
		348AAF5929D347F9006EE107 /* Model */ = {
			isa = PBXGroup;
			children = (
				348AAF5C29D3482C006EE107 /* Model.swift */,
			);
			path = Model;
			sourceTree = "<group>";
		};
		348AAF5A29D34808006EE107 /* View */ = {
			isa = PBXGroup;
			children = (
			);
			path = View;
			sourceTree = "<group>";
		};
		348AAF5B29D3480F006EE107 /* ViewModel */ = {
			isa = PBXGroup;
			children = (
			);
			path = ViewModel;
			sourceTree = "<group>";
		};
/* End PBXGroup section */

/* Begin PBXNativeTarget section */
		348AAF4029D347C7006EE107 /* MVC-MVVM */ = {
			isa = PBXNativeTarget;
			buildConfigurationList = 348AAF5529D347C9006EE107 /* Build configuration list for PBXNativeTarget "MVC-MVVM" */;
			buildPhases = (
				348AAF3D29D347C7006EE107 /* Sources */,
				348AAF3E29D347C7006EE107 /* Frameworks */,
				348AAF3F29D347C7006EE107 /* Resources */,
			);
			buildRules = (
			);
			dependencies = (
			);
			name = "MVC-MVVM";
			productName = "MVC-MVVM";
			productReference = 348AAF4129D347C7006EE107 /* MVC-MVVM.app */;
			productType = "com.apple.product-type.application";
		};
/* End PBXNativeTarget section */

/* Begin PBXProject section */
		348AAF3929D347C7006EE107 /* Project object */ = {
			isa = PBXProject;
			attributes = {
				BuildIndependentTargetsInParallel = 1;
				LastSwiftUpdateCheck = 1410;
				LastUpgradeCheck = 1410;
				TargetAttributes = {
					348AAF4029D347C7006EE107 = {
						CreatedOnToolsVersion = 14.1;
					};
				};
			};
			buildConfigurationList = 348AAF3C29D347C7006EE107 /* Build configuration list for PBXProject "MVC-MVVM" */;
			compatibilityVersion = "Xcode 14.0";
			developmentRegion = en;
			hasScannedForEncodings = 0;
			knownRegions = (
				en,
				Base,
			);
			mainGroup = 348AAF3829D347C7006EE107;
			productRefGroup = 348AAF4229D347C7006EE107 /* Products */;
			projectDirPath = "";
			projectRoot = "";
			targets = (
				348AAF4029D347C7006EE107 /* MVC-MVVM */,
			);
		};
/* End PBXProject section */

/* Begin PBXResourcesBuildPhase section */
		348AAF3F29D347C7006EE107 /* Resources */ = {
			isa = PBXResourcesBuildPhase;
			buildActionMask = 2147483647;
			files = (
				348AAF5129D347C9006EE107 /* LaunchScreen.storyboard in Resources */,
				348AAF4E29D347C9006EE107 /* Assets.xcassets in Resources */,
				348AAF4C29D347C7006EE107 /* Main.storyboard in Resources */,
			);
			runOnlyForDeploymentPostprocessing = 0;
		};
/* End PBXResourcesBuildPhase section */

/* Begin PBXSourcesBuildPhase section */
		348AAF3D29D347C7006EE107 /* Sources */ = {
			isa = PBXSourcesBuildPhase;
			buildActionMask = 2147483647;
			files = (
				348AAF4929D347C7006EE107 /* ViewController.swift in Sources */,
				348AAF4529D347C7006EE107 /* AppDelegate.swift in Sources */,
				348AAF4729D347C7006EE107 /* SceneDelegate.swift in Sources */,
				348AAF5D29D3482C006EE107 /* Model.swift in Sources */,
			);
			runOnlyForDeploymentPostprocessing = 0;
		};
/* End PBXSourcesBuildPhase section */

/* Begin PBXVariantGroup section */
		348AAF4A29D347C7006EE107 /* Main.storyboard */ = {
			isa = PBXVariantGroup;
			children = (
				348AAF4B29D347C7006EE107 /* Base */,
			);
			name = Main.storyboard;
			sourceTree = "<group>";
		};
		348AAF4F29D347C9006EE107 /* LaunchScreen.storyboard */ = {
			isa = PBXVariantGroup;
			children = (
				348AAF5029D347C9006EE107 /* Base */,
			);
			name = LaunchScreen.storyboard;
			sourceTree = "<group>";
		};
/* End PBXVariantGroup section */

/* Begin XCBuildConfiguration section */
		348AAF5329D347C9006EE107 /* Debug */ = {
			isa = XCBuildConfiguration;
			buildSettings = {
				ALWAYS_SEARCH_USER_PATHS = NO;
				CLANG_ANALYZER_NONNULL = YES;
				CLANG_ANALYZER_NUMBER_OBJECT_CONVERSION = YES_AGGRESSIVE;
				CLANG_CXX_LANGUAGE_STANDARD = "gnu++20";
				CLANG_ENABLE_MODULES = YES;
				CLANG_ENABLE_OBJC_ARC = YES;
				CLANG_ENABLE_OBJC_WEAK = YES;
				CLANG_WARN_BLOCK_CAPTURE_AUTORELEASING = YES;
				CLANG_WARN_BOOL_CONVERSION = YES;
				CLANG_WARN_COMMA = YES;
				CLANG_WARN_CONSTANT_CONVERSION = YES;
				CLANG_WARN_DEPRECATED_OBJC_IMPLEMENTATIONS = YES;
				CLANG_WARN_DIRECT_OBJC_ISA_USAGE = YES_ERROR;
				CLANG_WARN_DOCUMENTATION_COMMENTS = YES;
				CLANG_WARN_EMPTY_BODY = YES;
				CLANG_WARN_ENUM_CONVERSION = YES;
				CLANG_WARN_INFINITE_RECURSION = YES;
				CLANG_WARN_INT_CONVERSION = YES;
				CLANG_WARN_NON_LITERAL_NULL_CONVERSION = YES;
				CLANG_WARN_OBJC_IMPLICIT_RETAIN_SELF = YES;
				CLANG_WARN_OBJC_LITERAL_CONVERSION = YES;
				CLANG_WARN_OBJC_ROOT_CLASS = YES_ERROR;
				CLANG_WARN_QUOTED_INCLUDE_IN_FRAMEWORK_HEADER = YES;
				CLANG_WARN_RANGE_LOOP_ANALYSIS = YES;
				CLANG_WARN_STRICT_PROTOTYPES = YES;
				CLANG_WARN_SUSPICIOUS_MOVE = YES;
				CLANG_WARN_UNGUARDED_AVAILABILITY = YES_AGGRESSIVE;
				CLANG_WARN_UNREACHABLE_CODE = YES;
				CLANG_WARN__DUPLICATE_METHOD_MATCH = YES;
				COPY_PHASE_STRIP = NO;
				DEBUG_INFORMATION_FORMAT = dwarf;
				ENABLE_STRICT_OBJC_MSGSEND = YES;
				ENABLE_TESTABILITY = YES;
				GCC_C_LANGUAGE_STANDARD = gnu11;
				GCC_DYNAMIC_NO_PIC = NO;
				GCC_NO_COMMON_BLOCKS = YES;
				GCC_OPTIMIZATION_LEVEL = 0;
				GCC_PREPROCESSOR_DEFINITIONS = (
					"DEBUG=1",
					"$(inherited)",
				);
				GCC_WARN_64_TO_32_BIT_CONVERSION = YES;
				GCC_WARN_ABOUT_RETURN_TYPE = YES_ERROR;
				GCC_WARN_UNDECLARED_SELECTOR = YES;
				GCC_WARN_UNINITIALIZED_AUTOS = YES_AGGRESSIVE;
				GCC_WARN_UNUSED_FUNCTION = YES;
				GCC_WARN_UNUSED_VARIABLE = YES;
				IPHONEOS_DEPLOYMENT_TARGET = 16.1;
				MTL_ENABLE_DEBUG_INFO = INCLUDE_SOURCE;
				MTL_FAST_MATH = YES;
				ONLY_ACTIVE_ARCH = YES;
				SDKROOT = iphoneos;
				SWIFT_ACTIVE_COMPILATION_CONDITIONS = DEBUG;
				SWIFT_OPTIMIZATION_LEVEL = "-Onone";
			};
			name = Debug;
		};
		348AAF5429D347C9006EE107 /* Release */ = {
			isa = XCBuildConfiguration;
			buildSettings = {
				ALWAYS_SEARCH_USER_PATHS = NO;
				CLANG_ANALYZER_NONNULL = YES;
				CLANG_ANALYZER_NUMBER_OBJECT_CONVERSION = YES_AGGRESSIVE;
				CLANG_CXX_LANGUAGE_STANDARD = "gnu++20";
				CLANG_ENABLE_MODULES = YES;
				CLANG_ENABLE_OBJC_ARC = YES;
				CLANG_ENABLE_OBJC_WEAK = YES;
				CLANG_WARN_BLOCK_CAPTURE_AUTORELEASING = YES;
				CLANG_WARN_BOOL_CONVERSION = YES;
				CLANG_WARN_COMMA = YES;
				CLANG_WARN_CONSTANT_CONVERSION = YES;
				CLANG_WARN_DEPRECATED_OBJC_IMPLEMENTATIONS = YES;
				CLANG_WARN_DIRECT_OBJC_ISA_USAGE = YES_ERROR;
				CLANG_WARN_DOCUMENTATION_COMMENTS = YES;
				CLANG_WARN_EMPTY_BODY = YES;
				CLANG_WARN_ENUM_CONVERSION = YES;
				CLANG_WARN_INFINITE_RECURSION = YES;
				CLANG_WARN_INT_CONVERSION = YES;
				CLANG_WARN_NON_LITERAL_NULL_CONVERSION = YES;
				CLANG_WARN_OBJC_IMPLICIT_RETAIN_SELF = YES;
				CLANG_WARN_OBJC_LITERAL_CONVERSION = YES;
				CLANG_WARN_OBJC_ROOT_CLASS = YES_ERROR;
				CLANG_WARN_QUOTED_INCLUDE_IN_FRAMEWORK_HEADER = YES;
				CLANG_WARN_RANGE_LOOP_ANALYSIS = YES;
				CLANG_WARN_STRICT_PROTOTYPES = YES;
				CLANG_WARN_SUSPICIOUS_MOVE = YES;
				CLANG_WARN_UNGUARDED_AVAILABILITY = YES_AGGRESSIVE;
				CLANG_WARN_UNREACHABLE_CODE = YES;
				CLANG_WARN__DUPLICATE_METHOD_MATCH = YES;
				COPY_PHASE_STRIP = NO;
				DEBUG_INFORMATION_FORMAT = "dwarf-with-dsym";
				ENABLE_NS_ASSERTIONS = NO;
				ENABLE_STRICT_OBJC_MSGSEND = YES;
				GCC_C_LANGUAGE_STANDARD = gnu11;
				GCC_NO_COMMON_BLOCKS = YES;
				GCC_WARN_64_TO_32_BIT_CONVERSION = YES;
				GCC_WARN_ABOUT_RETURN_TYPE = YES_ERROR;
				GCC_WARN_UNDECLARED_SELECTOR = YES;
				GCC_WARN_UNINITIALIZED_AUTOS = YES_AGGRESSIVE;
				GCC_WARN_UNUSED_FUNCTION = YES;
				GCC_WARN_UNUSED_VARIABLE = YES;
				IPHONEOS_DEPLOYMENT_TARGET = 16.1;
				MTL_ENABLE_DEBUG_INFO = NO;
				MTL_FAST_MATH = YES;
				SDKROOT = iphoneos;
				SWIFT_COMPILATION_MODE = wholemodule;
				SWIFT_OPTIMIZATION_LEVEL = "-O";
				VALIDATE_PRODUCT = YES;
			};
			name = Release;
		};
		348AAF5629D347C9006EE107 /* Debug */ = {
			isa = XCBuildConfiguration;
			buildSettings = {
				ASSETCATALOG_COMPILER_APPICON_NAME = AppIcon;
				ASSETCATALOG_COMPILER_GLOBAL_ACCENT_COLOR_NAME = AccentColor;
				CODE_SIGN_STYLE = Automatic;
				CURRENT_PROJECT_VERSION = 1;
				GENERATE_INFOPLIST_FILE = YES;
				INFOPLIST_FILE = "MVC-MVVM/Info.plist";
				INFOPLIST_KEY_UIApplicationSupportsIndirectInputEvents = YES;
				INFOPLIST_KEY_UILaunchStoryboardName = LaunchScreen;
				INFOPLIST_KEY_UIMainStoryboardFile = Main;
				INFOPLIST_KEY_UISupportedInterfaceOrientations_iPad = "UIInterfaceOrientationPortrait UIInterfaceOrientationPortraitUpsideDown UIInterfaceOrientationLandscapeLeft UIInterfaceOrientationLandscapeRight";
				INFOPLIST_KEY_UISupportedInterfaceOrientations_iPhone = "UIInterfaceOrientationPortrait UIInterfaceOrientationLandscapeLeft UIInterfaceOrientationLandscapeRight";
				LD_RUNPATH_SEARCH_PATHS = (
					"$(inherited)",
					"@executable_path/Frameworks",
				);
				MARKETING_VERSION = 1.0;
				PRODUCT_BUNDLE_IDENTIFIER = "com.quarantasis.MVC-MVVM";
				PRODUCT_NAME = "$(TARGET_NAME)";
				SWIFT_EMIT_LOC_STRINGS = YES;
				SWIFT_VERSION = 5.0;
				TARGETED_DEVICE_FAMILY = "1,2";
			};
			name = Debug;
		};
		348AAF5729D347C9006EE107 /* Release */ = {
			isa = XCBuildConfiguration;
			buildSettings = {
				ASSETCATALOG_COMPILER_APPICON_NAME = AppIcon;
				ASSETCATALOG_COMPILER_GLOBAL_ACCENT_COLOR_NAME = AccentColor;
				CODE_SIGN_STYLE = Automatic;
				CURRENT_PROJECT_VERSION = 1;
				GENERATE_INFOPLIST_FILE = YES;
				INFOPLIST_FILE = "MVC-MVVM/Info.plist";
				INFOPLIST_KEY_UIApplicationSupportsIndirectInputEvents = YES;
				INFOPLIST_KEY_UILaunchStoryboardName = LaunchScreen;
				INFOPLIST_KEY_UIMainStoryboardFile = Main;
				INFOPLIST_KEY_UISupportedInterfaceOrientations_iPad = "UIInterfaceOrientationPortrait UIInterfaceOrientationPortraitUpsideDown UIInterfaceOrientationLandscapeLeft UIInterfaceOrientationLandscapeRight";
				INFOPLIST_KEY_UISupportedInterfaceOrientations_iPhone = "UIInterfaceOrientationPortrait UIInterfaceOrientationLandscapeLeft UIInterfaceOrientationLandscapeRight";
				LD_RUNPATH_SEARCH_PATHS = (
					"$(inherited)",
					"@executable_path/Frameworks",
				);
				MARKETING_VERSION = 1.0;
				PRODUCT_BUNDLE_IDENTIFIER = "com.quarantasis.MVC-MVVM";
				PRODUCT_NAME = "$(TARGET_NAME)";
				SWIFT_EMIT_LOC_STRINGS = YES;
				SWIFT_VERSION = 5.0;
				TARGETED_DEVICE_FAMILY = "1,2";
			};
			name = Release;
		};
/* End XCBuildConfiguration section */

/* Begin XCConfigurationList section */
		348AAF3C29D347C7006EE107 /* Build configuration list for PBXProject "MVC-MVVM" */ = {
			isa = XCConfigurationList;
			buildConfigurations = (
				348AAF5329D347C9006EE107 /* Debug */,
				348AAF5429D347C9006EE107 /* Release */,
			);
			defaultConfigurationIsVisible = 0;
			defaultConfigurationName = Release;
		};
		348AAF5529D347C9006EE107 /* Build configuration list for PBXNativeTarget "MVC-MVVM" */ = {
			isa = XCConfigurationList;
			buildConfigurations = (
				348AAF5629D347C9006EE107 /* Debug */,
				348AAF5729D347C9006EE107 /* Release */,
			);
			defaultConfigurationIsVisible = 0;
			defaultConfigurationName = Release;
		};
/* End XCConfigurationList section */
	};
	rootObject = 348AAF3929D347C7006EE107 /* Project object */;
}
